// !$*UTF8*$!
{
	archiveVersion = 1;
	classes = {
	};
	objectVersion = 56;
	objects = {

/* Begin PBXBuildFile section */
		466910122C2C6C5900C49895 /* AppDelegate.swift in Sources */ = {isa = PBXBuildFile; fileRef = 466910112C2C6C5900C49895 /* AppDelegate.swift */; };
		466910142C2C6C5900C49895 /* SceneDelegate.swift in Sources */ = {isa = PBXBuildFile; fileRef = 466910132C2C6C5900C49895 /* SceneDelegate.swift */; };
		4669101B2C2C6C5A00C49895 /* Assets.xcassets in Resources */ = {isa = PBXBuildFile; fileRef = 4669101A2C2C6C5A00C49895 /* Assets.xcassets */; };
		4669101E2C2C6C5A00C49895 /* Base in Resources */ = {isa = PBXBuildFile; fileRef = 4669101D2C2C6C5A00C49895 /* Base */; };
		466910292C2C6DD900C49895 /* HomeViewController.swift in Sources */ = {isa = PBXBuildFile; fileRef = 466910272C2C6DD900C49895 /* HomeViewController.swift */; };
		4669102A2C2C6DD900C49895 /* HomeViewController.xib in Resources */ = {isa = PBXBuildFile; fileRef = 466910282C2C6DD900C49895 /* HomeViewController.xib */; };
		4669102D2C2C6EC300C49895 /* HomeViewModel.swift in Sources */ = {isa = PBXBuildFile; fileRef = 4669102C2C2C6EC300C49895 /* HomeViewModel.swift */; };
		4669102F2C2C6FE300C49895 /* TableViewHome+Extension.swift in Sources */ = {isa = PBXBuildFile; fileRef = 4669102E2C2C6FE300C49895 /* TableViewHome+Extension.swift */; };
		466910342C2C71CA00C49895 /* HomeTableViewCell.swift in Sources */ = {isa = PBXBuildFile; fileRef = 466910322C2C71CA00C49895 /* HomeTableViewCell.swift */; };
		466910352C2C71CA00C49895 /* HomeTableViewCell.xib in Resources */ = {isa = PBXBuildFile; fileRef = 466910332C2C71CA00C49895 /* HomeTableViewCell.xib */; };
		4669103A2C2C786A00C49895 /* AddUserViewController.swift in Sources */ = {isa = PBXBuildFile; fileRef = 466910382C2C786A00C49895 /* AddUserViewController.swift */; };
		4669103B2C2C786A00C49895 /* AddUserViewController.xib in Resources */ = {isa = PBXBuildFile; fileRef = 466910392C2C786A00C49895 /* AddUserViewController.xib */; };
		4669103D2C2C7D0F00C49895 /* AddUser+imagePicker+extension.swift in Sources */ = {isa = PBXBuildFile; fileRef = 4669103C2C2C7D0F00C49895 /* AddUser+imagePicker+extension.swift */; };
		4669103F2C2C80F000C49895 /* UserModel.swift in Sources */ = {isa = PBXBuildFile; fileRef = 4669103E2C2C80F000C49895 /* UserModel.swift */; };
		466910432C2C8B9E00C49895 /* DetailUserViewController.xib in Resources */ = {isa = PBXBuildFile; fileRef = 466910422C2C8B9E00C49895 /* DetailUserViewController.xib */; };
		466910442C2C8B9E00C49895 /* DetailUserViewController.swift in Sources */ = {isa = PBXBuildFile; fileRef = 466910412C2C8B9E00C49895 /* DetailUserViewController.swift */; };
		70C807F7254D3185B9665E6F /* Pods_viewModel.framework in Frameworks */ = {isa = PBXBuildFile; fileRef = 36DC34A17402F4FB50C18EB8 /* Pods_viewModel.framework */; };
/* End PBXBuildFile section */

/* Begin PBXFileReference section */
		36DC34A17402F4FB50C18EB8 /* Pods_viewModel.framework */ = {isa = PBXFileReference; explicitFileType = wrapper.framework; includeInIndex = 0; path = Pods_viewModel.framework; sourceTree = BUILT_PRODUCTS_DIR; };
		4669100E2C2C6C5900C49895 /* viewModel.app */ = {isa = PBXFileReference; explicitFileType = wrapper.application; includeInIndex = 0; path = viewModel.app; sourceTree = BUILT_PRODUCTS_DIR; };
		466910112C2C6C5900C49895 /* AppDelegate.swift */ = {isa = PBXFileReference; lastKnownFileType = sourcecode.swift; path = AppDelegate.swift; sourceTree = "<group>"; };
		466910132C2C6C5900C49895 /* SceneDelegate.swift */ = {isa = PBXFileReference; lastKnownFileType = sourcecode.swift; path = SceneDelegate.swift; sourceTree = "<group>"; };
		4669101A2C2C6C5A00C49895 /* Assets.xcassets */ = {isa = PBXFileReference; lastKnownFileType = folder.assetcatalog; path = Assets.xcassets; sourceTree = "<group>"; };
		4669101D2C2C6C5A00C49895 /* Base */ = {isa = PBXFileReference; lastKnownFileType = file.storyboard; name = Base; path = Base.lproj/LaunchScreen.storyboard; sourceTree = "<group>"; };
		4669101F2C2C6C5A00C49895 /* Info.plist */ = {isa = PBXFileReference; lastKnownFileType = text.plist.xml; path = Info.plist; sourceTree = "<group>"; };
		466910272C2C6DD900C49895 /* HomeViewController.swift */ = {isa = PBXFileReference; lastKnownFileType = sourcecode.swift; path = HomeViewController.swift; sourceTree = "<group>"; };
		466910282C2C6DD900C49895 /* HomeViewController.xib */ = {isa = PBXFileReference; lastKnownFileType = file.xib; path = HomeViewController.xib; sourceTree = "<group>"; };
		4669102C2C2C6EC300C49895 /* HomeViewModel.swift */ = {isa = PBXFileReference; lastKnownFileType = sourcecode.swift; path = HomeViewModel.swift; sourceTree = "<group>"; };
		4669102E2C2C6FE300C49895 /* TableViewHome+Extension.swift */ = {isa = PBXFileReference; lastKnownFileType = sourcecode.swift; path = "TableViewHome+Extension.swift"; sourceTree = "<group>"; };
		466910322C2C71CA00C49895 /* HomeTableViewCell.swift */ = {isa = PBXFileReference; lastKnownFileType = sourcecode.swift; path = HomeTableViewCell.swift; sourceTree = "<group>"; };
		466910332C2C71CA00C49895 /* HomeTableViewCell.xib */ = {isa = PBXFileReference; lastKnownFileType = file.xib; path = HomeTableViewCell.xib; sourceTree = "<group>"; };
		466910382C2C786A00C49895 /* AddUserViewController.swift */ = {isa = PBXFileReference; lastKnownFileType = sourcecode.swift; path = AddUserViewController.swift; sourceTree = "<group>"; };
		466910392C2C786A00C49895 /* AddUserViewController.xib */ = {isa = PBXFileReference; lastKnownFileType = file.xib; path = AddUserViewController.xib; sourceTree = "<group>"; };
		4669103C2C2C7D0F00C49895 /* AddUser+imagePicker+extension.swift */ = {isa = PBXFileReference; lastKnownFileType = sourcecode.swift; path = "AddUser+imagePicker+extension.swift"; sourceTree = "<group>"; };
		4669103E2C2C80F000C49895 /* UserModel.swift */ = {isa = PBXFileReference; lastKnownFileType = sourcecode.swift; path = UserModel.swift; sourceTree = "<group>"; };
		466910412C2C8B9E00C49895 /* DetailUserViewController.swift */ = {isa = PBXFileReference; lastKnownFileType = sourcecode.swift; path = DetailUserViewController.swift; sourceTree = "<group>"; };
		466910422C2C8B9E00C49895 /* DetailUserViewController.xib */ = {isa = PBXFileReference; lastKnownFileType = file.xib; path = DetailUserViewController.xib; sourceTree = "<group>"; };
		AAFACBB45ED23A85FDFB4E9B /* Pods-viewModel.debug.xcconfig */ = {isa = PBXFileReference; includeInIndex = 1; lastKnownFileType = text.xcconfig; name = "Pods-viewModel.debug.xcconfig"; path = "Target Support Files/Pods-viewModel/Pods-viewModel.debug.xcconfig"; sourceTree = "<group>"; };
		D117BEC31B951105A5D44436 /* Pods-viewModel.release.xcconfig */ = {isa = PBXFileReference; includeInIndex = 1; lastKnownFileType = text.xcconfig; name = "Pods-viewModel.release.xcconfig"; path = "Target Support Files/Pods-viewModel/Pods-viewModel.release.xcconfig"; sourceTree = "<group>"; };
/* End PBXFileReference section */

/* Begin PBXFrameworksBuildPhase section */
		4669100B2C2C6C5900C49895 /* Frameworks */ = {
			isa = PBXFrameworksBuildPhase;
			buildActionMask = 2147483647;
			files = (
				70C807F7254D3185B9665E6F /* Pods_viewModel.framework in Frameworks */,
			);
			runOnlyForDeploymentPostprocessing = 0;
		};
/* End PBXFrameworksBuildPhase section */

/* Begin PBXGroup section */
		466910052C2C6C5800C49895 = {
			isa = PBXGroup;
			children = (
				466910102C2C6C5900C49895 /* viewModel */,
				4669100F2C2C6C5900C49895 /* Products */,
				E3E28E4DA22B671A8F671010 /* Pods */,
				E3FA83BF07AC16EFDF78A695 /* Frameworks */,
			);
			sourceTree = "<group>";
		};
		4669100F2C2C6C5900C49895 /* Products */ = {
			isa = PBXGroup;
			children = (
				4669100E2C2C6C5900C49895 /* viewModel.app */,
			);
			name = Products;
			sourceTree = "<group>";
		};
		466910102C2C6C5900C49895 /* viewModel */ = {
			isa = PBXGroup;
			children = (
				466910362C2C759A00C49895 /* Model */,
				4669102B2C2C6EA200C49895 /* ViewModel */,
				466910252C2C6DB600C49895 /* ViewController */,
				466910112C2C6C5900C49895 /* AppDelegate.swift */,
				466910132C2C6C5900C49895 /* SceneDelegate.swift */,
				4669101A2C2C6C5A00C49895 /* Assets.xcassets */,
				4669101C2C2C6C5A00C49895 /* LaunchScreen.storyboard */,
				4669101F2C2C6C5A00C49895 /* Info.plist */,
			);
			path = viewModel;
			sourceTree = "<group>";
		};
		466910252C2C6DB600C49895 /* ViewController */ = {
			isa = PBXGroup;
			children = (
				466910402C2C8B8D00C49895 /* DetailUser */,
				466910372C2C785700C49895 /* AddUser */,
				466910262C2C6DC700C49895 /* Home */,
			);
			path = ViewController;
			sourceTree = "<group>";
		};
		466910262C2C6DC700C49895 /* Home */ = {
			isa = PBXGroup;
			children = (
				466910312C2C71B700C49895 /* Cell */,
				466910272C2C6DD900C49895 /* HomeViewController.swift */,
				466910282C2C6DD900C49895 /* HomeViewController.xib */,
				4669102E2C2C6FE300C49895 /* TableViewHome+Extension.swift */,
			);
			path = Home;
			sourceTree = "<group>";
		};
		4669102B2C2C6EA200C49895 /* ViewModel */ = {
			isa = PBXGroup;
			children = (
				4669102C2C2C6EC300C49895 /* HomeViewModel.swift */,
			);
			path = ViewModel;
			sourceTree = "<group>";
		};
		466910312C2C71B700C49895 /* Cell */ = {
			isa = PBXGroup;
			children = (
				466910322C2C71CA00C49895 /* HomeTableViewCell.swift */,
				466910332C2C71CA00C49895 /* HomeTableViewCell.xib */,
			);
			path = Cell;
			sourceTree = "<group>";
		};
		466910362C2C759A00C49895 /* Model */ = {
			isa = PBXGroup;
			children = (
				4669103E2C2C80F000C49895 /* UserModel.swift */,
			);
			path = Model;
			sourceTree = "<group>";
		};
		466910372C2C785700C49895 /* AddUser */ = {
			isa = PBXGroup;
			children = (
				466910382C2C786A00C49895 /* AddUserViewController.swift */,
				466910392C2C786A00C49895 /* AddUserViewController.xib */,
				4669103C2C2C7D0F00C49895 /* AddUser+imagePicker+extension.swift */,
			);
			path = AddUser;
			sourceTree = "<group>";
		};
		466910402C2C8B8D00C49895 /* DetailUser */ = {
			isa = PBXGroup;
			children = (
				466910412C2C8B9E00C49895 /* DetailUserViewController.swift */,
				466910422C2C8B9E00C49895 /* DetailUserViewController.xib */,
			);
			path = DetailUser;
			sourceTree = "<group>";
		};
		E3E28E4DA22B671A8F671010 /* Pods */ = {
			isa = PBXGroup;
			children = (
				AAFACBB45ED23A85FDFB4E9B /* Pods-viewModel.debug.xcconfig */,
				D117BEC31B951105A5D44436 /* Pods-viewModel.release.xcconfig */,
			);
			path = Pods;
			sourceTree = "<group>";
		};
		E3FA83BF07AC16EFDF78A695 /* Frameworks */ = {
			isa = PBXGroup;
			children = (
				36DC34A17402F4FB50C18EB8 /* Pods_viewModel.framework */,
			);
			name = Frameworks;
			sourceTree = "<group>";
		};
/* End PBXGroup section */

/* Begin PBXNativeTarget section */
		4669100D2C2C6C5900C49895 /* viewModel */ = {
			isa = PBXNativeTarget;
			buildConfigurationList = 466910222C2C6C5A00C49895 /* Build configuration list for PBXNativeTarget "viewModel" */;
			buildPhases = (
				1694642F5BB0944989832726 /* [CP] Check Pods Manifest.lock */,
				4669100A2C2C6C5900C49895 /* Sources */,
				4669100B2C2C6C5900C49895 /* Frameworks */,
				4669100C2C2C6C5900C49895 /* Resources */,
				3EC08D8D0DC673091D358532 /* [CP] Embed Pods Frameworks */,
			);
			buildRules = (
			);
			dependencies = (
			);
			name = viewModel;
			productName = viewModel;
			productReference = 4669100E2C2C6C5900C49895 /* viewModel.app */;
			productType = "com.apple.product-type.application";
		};
/* End PBXNativeTarget section */

/* Begin PBXProject section */
		466910062C2C6C5800C49895 /* Project object */ = {
			isa = PBXProject;
			attributes = {
				BuildIndependentTargetsInParallel = 1;
				LastSwiftUpdateCheck = 1530;
				LastUpgradeCheck = 1530;
				TargetAttributes = {
					4669100D2C2C6C5900C49895 = {
						CreatedOnToolsVersion = 15.3;
					};
				};
			};
			buildConfigurationList = 466910092C2C6C5800C49895 /* Build configuration list for PBXProject "viewModel" */;
			compatibilityVersion = "Xcode 14.0";
			developmentRegion = en;
			hasScannedForEncodings = 0;
			knownRegions = (
				en,
				Base,
			);
			mainGroup = 466910052C2C6C5800C49895;
			productRefGroup = 4669100F2C2C6C5900C49895 /* Products */;
			projectDirPath = "";
			projectRoot = "";
			targets = (
				4669100D2C2C6C5900C49895 /* viewModel */,
			);
		};
/* End PBXProject section */

/* Begin PBXResourcesBuildPhase section */
		4669100C2C2C6C5900C49895 /* Resources */ = {
			isa = PBXResourcesBuildPhase;
			buildActionMask = 2147483647;
			files = (
				466910432C2C8B9E00C49895 /* DetailUserViewController.xib in Resources */,
				4669101B2C2C6C5A00C49895 /* Assets.xcassets in Resources */,
				4669103B2C2C786A00C49895 /* AddUserViewController.xib in Resources */,
				4669101E2C2C6C5A00C49895 /* Base in Resources */,
				466910352C2C71CA00C49895 /* HomeTableViewCell.xib in Resources */,
				4669102A2C2C6DD900C49895 /* HomeViewController.xib in Resources */,
			);
			runOnlyForDeploymentPostprocessing = 0;
		};
/* End PBXResourcesBuildPhase section */

/* Begin PBXShellScriptBuildPhase section */
		1694642F5BB0944989832726 /* [CP] Check Pods Manifest.lock */ = {
			isa = PBXShellScriptBuildPhase;
			buildActionMask = 2147483647;
			files = (
			);
			inputFileListPaths = (
			);
			inputPaths = (
				"${PODS_PODFILE_DIR_PATH}/Podfile.lock",
				"${PODS_ROOT}/Manifest.lock",
			);
			name = "[CP] Check Pods Manifest.lock";
			outputFileListPaths = (
			);
			outputPaths = (
				"$(DERIVED_FILE_DIR)/Pods-viewModel-checkManifestLockResult.txt",
			);
			runOnlyForDeploymentPostprocessing = 0;
			shellPath = /bin/sh;
			shellScript = "diff \"${PODS_PODFILE_DIR_PATH}/Podfile.lock\" \"${PODS_ROOT}/Manifest.lock\" > /dev/null\nif [ $? != 0 ] ; then\n    # print error to STDERR\n    echo \"error: The sandbox is not in sync with the Podfile.lock. Run 'pod install' or update your CocoaPods installation.\" >&2\n    exit 1\nfi\n# This output is used by Xcode 'outputs' to avoid re-running this script phase.\necho \"SUCCESS\" > \"${SCRIPT_OUTPUT_FILE_0}\"\n";
			showEnvVarsInLog = 0;
		};
		3EC08D8D0DC673091D358532 /* [CP] Embed Pods Frameworks */ = {
			isa = PBXShellScriptBuildPhase;
			buildActionMask = 2147483647;
			files = (
			);
			inputFileListPaths = (
				"${PODS_ROOT}/Target Support Files/Pods-viewModel/Pods-viewModel-frameworks-${CONFIGURATION}-input-files.xcfilelist",
			);
			name = "[CP] Embed Pods Frameworks";
			outputFileListPaths = (
				"${PODS_ROOT}/Target Support Files/Pods-viewModel/Pods-viewModel-frameworks-${CONFIGURATION}-output-files.xcfilelist",
			);
			runOnlyForDeploymentPostprocessing = 0;
			shellPath = /bin/sh;
			shellScript = "\"${PODS_ROOT}/Target Support Files/Pods-viewModel/Pods-viewModel-frameworks.sh\"\n";
			showEnvVarsInLog = 0;
		};
/* End PBXShellScriptBuildPhase section */

/* Begin PBXSourcesBuildPhase section */
		4669100A2C2C6C5900C49895 /* Sources */ = {
			isa = PBXSourcesBuildPhase;
			buildActionMask = 2147483647;
			files = (
				466910342C2C71CA00C49895 /* HomeTableViewCell.swift in Sources */,
				466910122C2C6C5900C49895 /* AppDelegate.swift in Sources */,
				4669103D2C2C7D0F00C49895 /* AddUser+imagePicker+extension.swift in Sources */,
				466910142C2C6C5900C49895 /* SceneDelegate.swift in Sources */,
				466910292C2C6DD900C49895 /* HomeViewController.swift in Sources */,
				4669103A2C2C786A00C49895 /* AddUserViewController.swift in Sources */,
				466910442C2C8B9E00C49895 /* DetailUserViewController.swift in Sources */,
				4669102D2C2C6EC300C49895 /* HomeViewModel.swift in Sources */,
				4669103F2C2C80F000C49895 /* UserModel.swift in Sources */,
				4669102F2C2C6FE300C49895 /* TableViewHome+Extension.swift in Sources */,
			);
			runOnlyForDeploymentPostprocessing = 0;
		};
/* End PBXSourcesBuildPhase section */

/* Begin PBXVariantGroup section */
		4669101C2C2C6C5A00C49895 /* LaunchScreen.storyboard */ = {
			isa = PBXVariantGroup;
			children = (
				4669101D2C2C6C5A00C49895 /* Base */,
			);
			name = LaunchScreen.storyboard;
			sourceTree = "<group>";
		};
/* End PBXVariantGroup section */

/* Begin XCBuildConfiguration section */
		466910202C2C6C5A00C49895 /* Debug */ = {
			isa = XCBuildConfiguration;
			buildSettings = {
				ALWAYS_SEARCH_USER_PATHS = NO;
				ASSETCATALOG_COMPILER_GENERATE_SWIFT_ASSET_SYMBOL_EXTENSIONS = YES;
				CLANG_ANALYZER_NONNULL = YES;
				CLANG_ANALYZER_NUMBER_OBJECT_CONVERSION = YES_AGGRESSIVE;
				CLANG_CXX_LANGUAGE_STANDARD = "gnu++20";
				CLANG_ENABLE_MODULES = YES;
				CLANG_ENABLE_OBJC_ARC = YES;
				CLANG_ENABLE_OBJC_WEAK = YES;
				CLANG_WARN_BLOCK_CAPTURE_AUTORELEASING = YES;
				CLANG_WARN_BOOL_CONVERSION = YES;
				CLANG_WARN_COMMA = YES;
				CLANG_WARN_CONSTANT_CONVERSION = YES;
				CLANG_WARN_DEPRECATED_OBJC_IMPLEMENTATIONS = YES;
				CLANG_WARN_DIRECT_OBJC_ISA_USAGE = YES_ERROR;
				CLANG_WARN_DOCUMENTATION_COMMENTS = YES;
				CLANG_WARN_EMPTY_BODY = YES;
				CLANG_WARN_ENUM_CONVERSION = YES;
				CLANG_WARN_INFINITE_RECURSION = YES;
				CLANG_WARN_INT_CONVERSION = YES;
				CLANG_WARN_NON_LITERAL_NULL_CONVERSION = YES;
				CLANG_WARN_OBJC_IMPLICIT_RETAIN_SELF = YES;
				CLANG_WARN_OBJC_LITERAL_CONVERSION = YES;
				CLANG_WARN_OBJC_ROOT_CLASS = YES_ERROR;
				CLANG_WARN_QUOTED_INCLUDE_IN_FRAMEWORK_HEADER = YES;
				CLANG_WARN_RANGE_LOOP_ANALYSIS = YES;
				CLANG_WARN_STRICT_PROTOTYPES = YES;
				CLANG_WARN_SUSPICIOUS_MOVE = YES;
				CLANG_WARN_UNGUARDED_AVAILABILITY = YES_AGGRESSIVE;
				CLANG_WARN_UNREACHABLE_CODE = YES;
				CLANG_WARN__DUPLICATE_METHOD_MATCH = YES;
				COPY_PHASE_STRIP = NO;
				DEBUG_INFORMATION_FORMAT = dwarf;
				ENABLE_STRICT_OBJC_MSGSEND = YES;
				ENABLE_TESTABILITY = YES;
				ENABLE_USER_SCRIPT_SANDBOXING = YES;
				GCC_C_LANGUAGE_STANDARD = gnu17;
				GCC_DYNAMIC_NO_PIC = NO;
				GCC_NO_COMMON_BLOCKS = YES;
				GCC_OPTIMIZATION_LEVEL = 0;
				GCC_PREPROCESSOR_DEFINITIONS = (
					"DEBUG=1",
					"$(inherited)",
				);
				GCC_WARN_64_TO_32_BIT_CONVERSION = YES;
				GCC_WARN_ABOUT_RETURN_TYPE = YES_ERROR;
				GCC_WARN_UNDECLARED_SELECTOR = YES;
				GCC_WARN_UNINITIALIZED_AUTOS = YES_AGGRESSIVE;
				GCC_WARN_UNUSED_FUNCTION = YES;
				GCC_WARN_UNUSED_VARIABLE = YES;
				IPHONEOS_DEPLOYMENT_TARGET = 17.4;
				LOCALIZATION_PREFERS_STRING_CATALOGS = YES;
				MTL_ENABLE_DEBUG_INFO = INCLUDE_SOURCE;
				MTL_FAST_MATH = YES;
				ONLY_ACTIVE_ARCH = YES;
				SDKROOT = iphoneos;
				SWIFT_ACTIVE_COMPILATION_CONDITIONS = "DEBUG $(inherited)";
				SWIFT_OPTIMIZATION_LEVEL = "-Onone";
			};
			name = Debug;
		};
		466910212C2C6C5A00C49895 /* Release */ = {
			isa = XCBuildConfiguration;
			buildSettings = {
				ALWAYS_SEARCH_USER_PATHS = NO;
				ASSETCATALOG_COMPILER_GENERATE_SWIFT_ASSET_SYMBOL_EXTENSIONS = YES;
				CLANG_ANALYZER_NONNULL = YES;
				CLANG_ANALYZER_NUMBER_OBJECT_CONVERSION = YES_AGGRESSIVE;
				CLANG_CXX_LANGUAGE_STANDARD = "gnu++20";
				CLANG_ENABLE_MODULES = YES;
				CLANG_ENABLE_OBJC_ARC = YES;
				CLANG_ENABLE_OBJC_WEAK = YES;
				CLANG_WARN_BLOCK_CAPTURE_AUTORELEASING = YES;
				CLANG_WARN_BOOL_CONVERSION = YES;
				CLANG_WARN_COMMA = YES;
				CLANG_WARN_CONSTANT_CONVERSION = YES;
				CLANG_WARN_DEPRECATED_OBJC_IMPLEMENTATIONS = YES;
				CLANG_WARN_DIRECT_OBJC_ISA_USAGE = YES_ERROR;
				CLANG_WARN_DOCUMENTATION_COMMENTS = YES;
				CLANG_WARN_EMPTY_BODY = YES;
				CLANG_WARN_ENUM_CONVERSION = YES;
				CLANG_WARN_INFINITE_RECURSION = YES;
				CLANG_WARN_INT_CONVERSION = YES;
				CLANG_WARN_NON_LITERAL_NULL_CONVERSION = YES;
				CLANG_WARN_OBJC_IMPLICIT_RETAIN_SELF = YES;
				CLANG_WARN_OBJC_LITERAL_CONVERSION = YES;
				CLANG_WARN_OBJC_ROOT_CLASS = YES_ERROR;
				CLANG_WARN_QUOTED_INCLUDE_IN_FRAMEWORK_HEADER = YES;
				CLANG_WARN_RANGE_LOOP_ANALYSIS = YES;
				CLANG_WARN_STRICT_PROTOTYPES = YES;
				CLANG_WARN_SUSPICIOUS_MOVE = YES;
				CLANG_WARN_UNGUARDED_AVAILABILITY = YES_AGGRESSIVE;
				CLANG_WARN_UNREACHABLE_CODE = YES;
				CLANG_WARN__DUPLICATE_METHOD_MATCH = YES;
				COPY_PHASE_STRIP = NO;
				DEBUG_INFORMATION_FORMAT = "dwarf-with-dsym";
				ENABLE_NS_ASSERTIONS = NO;
				ENABLE_STRICT_OBJC_MSGSEND = YES;
				ENABLE_USER_SCRIPT_SANDBOXING = YES;
				GCC_C_LANGUAGE_STANDARD = gnu17;
				GCC_NO_COMMON_BLOCKS = YES;
				GCC_WARN_64_TO_32_BIT_CONVERSION = YES;
				GCC_WARN_ABOUT_RETURN_TYPE = YES_ERROR;
				GCC_WARN_UNDECLARED_SELECTOR = YES;
				GCC_WARN_UNINITIALIZED_AUTOS = YES_AGGRESSIVE;
				GCC_WARN_UNUSED_FUNCTION = YES;
				GCC_WARN_UNUSED_VARIABLE = YES;
				IPHONEOS_DEPLOYMENT_TARGET = 17.4;
				LOCALIZATION_PREFERS_STRING_CATALOGS = YES;
				MTL_ENABLE_DEBUG_INFO = NO;
				MTL_FAST_MATH = YES;
				SDKROOT = iphoneos;
				SWIFT_COMPILATION_MODE = wholemodule;
				VALIDATE_PRODUCT = YES;
			};
			name = Release;
		};
		466910232C2C6C5A00C49895 /* Debug */ = {
			isa = XCBuildConfiguration;
			baseConfigurationReference = AAFACBB45ED23A85FDFB4E9B /* Pods-viewModel.debug.xcconfig */;
			buildSettings = {
				ASSETCATALOG_COMPILER_APPICON_NAME = AppIcon;
				ASSETCATALOG_COMPILER_GLOBAL_ACCENT_COLOR_NAME = AccentColor;
				CODE_SIGN_STYLE = Automatic;
				CURRENT_PROJECT_VERSION = 1;
				ENABLE_USER_SCRIPT_SANDBOXING = NO;
				GENERATE_INFOPLIST_FILE = YES;
				INFOPLIST_FILE = viewModel/Info.plist;
				INFOPLIST_KEY_UIApplicationSupportsIndirectInputEvents = YES;
				INFOPLIST_KEY_UILaunchStoryboardName = LaunchScreen;
				INFOPLIST_KEY_UISupportedInterfaceOrientations_iPad = "UIInterfaceOrientationPortrait UIInterfaceOrientationPortraitUpsideDown UIInterfaceOrientationLandscapeLeft UIInterfaceOrientationLandscapeRight";
				INFOPLIST_KEY_UISupportedInterfaceOrientations_iPhone = "UIInterfaceOrientationPortrait UIInterfaceOrientationLandscapeLeft UIInterfaceOrientationLandscapeRight";
				LD_RUNPATH_SEARCH_PATHS = (
					"$(inherited)",
					"@executable_path/Frameworks",
				);
				MARKETING_VERSION = 1.0;
				PRODUCT_BUNDLE_IDENTIFIER = com.owennguyen.viewModel;
				PRODUCT_NAME = "$(TARGET_NAME)";
				SWIFT_EMIT_LOC_STRINGS = YES;
				SWIFT_VERSION = 5.0;
				TARGETED_DEVICE_FAMILY = "1,2";
			};
			name = Debug;
		};
		466910242C2C6C5A00C49895 /* Release */ = {
			isa = XCBuildConfiguration;
			baseConfigurationReference = D117BEC31B951105A5D44436 /* Pods-viewModel.release.xcconfig */;
			buildSettings = {
				ASSETCATALOG_COMPILER_APPICON_NAME = AppIcon;
				ASSETCATALOG_COMPILER_GLOBAL_ACCENT_COLOR_NAME = AccentColor;
				CODE_SIGN_STYLE = Automatic;
				CURRENT_PROJECT_VERSION = 1;
				ENABLE_USER_SCRIPT_SANDBOXING = NO;
				GENERATE_INFOPLIST_FILE = YES;
				INFOPLIST_FILE = viewModel/Info.plist;
				INFOPLIST_KEY_UIApplicationSupportsIndirectInputEvents = YES;
				INFOPLIST_KEY_UILaunchStoryboardName = LaunchScreen;
				INFOPLIST_KEY_UISupportedInterfaceOrientations_iPad = "UIInterfaceOrientationPortrait UIInterfaceOrientationPortraitUpsideDown UIInterfaceOrientationLandscapeLeft UIInterfaceOrientationLandscapeRight";
				INFOPLIST_KEY_UISupportedInterfaceOrientations_iPhone = "UIInterfaceOrientationPortrait UIInterfaceOrientationLandscapeLeft UIInterfaceOrientationLandscapeRight";
				LD_RUNPATH_SEARCH_PATHS = (
					"$(inherited)",
					"@executable_path/Frameworks",
				);
				MARKETING_VERSION = 1.0;
				PRODUCT_BUNDLE_IDENTIFIER = com.owennguyen.viewModel;
				PRODUCT_NAME = "$(TARGET_NAME)";
				SWIFT_EMIT_LOC_STRINGS = YES;
				SWIFT_VERSION = 5.0;
				TARGETED_DEVICE_FAMILY = "1,2";
			};
			name = Release;
		};
/* End XCBuildConfiguration section */

/* Begin XCConfigurationList section */
		466910092C2C6C5800C49895 /* Build configuration list for PBXProject "viewModel" */ = {
			isa = XCConfigurationList;
			buildConfigurations = (
				466910202C2C6C5A00C49895 /* Debug */,
				466910212C2C6C5A00C49895 /* Release */,
			);
			defaultConfigurationIsVisible = 0;
			defaultConfigurationName = Release;
		};
		466910222C2C6C5A00C49895 /* Build configuration list for PBXNativeTarget "viewModel" */ = {
			isa = XCConfigurationList;
			buildConfigurations = (
				466910232C2C6C5A00C49895 /* Debug */,
				466910242C2C6C5A00C49895 /* Release */,
			);
			defaultConfigurationIsVisible = 0;
			defaultConfigurationName = Release;
		};
/* End XCConfigurationList section */
	};
	rootObject = 466910062C2C6C5800C49895 /* Project object */;
}
